<?xml version="1.0" encoding="utf-8"?>
<Project ToolsVersion="4.0" xmlns="http://schemas.microsoft.com/developer/msbuild/2003">
  <ItemGroup>
    <Filter Include="소스 파일">
      <UniqueIdentifier>{4FC737F1-C7A5-4376-A066-2A32D752A2FF}</UniqueIdentifier>
      <Extensions>cpp;c;cc;cxx;def;odl;idl;hpj;bat;asm;asmx</Extensions>
    </Filter>
    <Filter Include="헤더 파일">
      <UniqueIdentifier>{93995380-89BD-4b04-88EB-625FBE52EBFB}</UniqueIdentifier>
      <Extensions>h;hpp;hxx;hm;inl;inc;xsd</Extensions>
    </Filter>
    <Filter Include="리소스 파일">
      <UniqueIdentifier>{67DA6AB6-F800-4c08-8B7A-83BB121AAD01}</UniqueIdentifier>
      <Extensions>rc;ico;cur;bmp;dlg;rc2;rct;bin;rgs;gif;jpg;jpeg;jpe;resx;tiff;tif;png;wav</Extensions>
    </Filter>
    <Filter Include="소스 파일\Game.cpp">
      <UniqueIdentifier>{5bf88f96-862e-4193-b057-ce9c9571d0e4}</UniqueIdentifier>
    </Filter>
    <Filter Include="소스 파일\Manager.cpp">
      <UniqueIdentifier>{acb5b149-f3e5-4728-9887-d5ff2b85f26a}</UniqueIdentifier>
    </Filter>
    <Filter Include="헤더 파일\Game.h">
      <UniqueIdentifier>{877462c8-a459-44ec-b254-02d0e6467bfd}</UniqueIdentifier>
    </Filter>
    <Filter Include="헤더 파일\Manager.h">
      <UniqueIdentifier>{390b1ea2-c656-4c02-9366-2229ecbd6144}</UniqueIdentifier>
    </Filter>
    <Filter Include="헤더 파일\S_Manager.h">
      <UniqueIdentifier>{b987e4e3-9c09-47de-a67f-74224878012c}</UniqueIdentifier>
    </Filter>
  </ItemGroup>
  <ItemGroup>
    <ClCompile Include="main.cpp">
      <Filter>소스 파일</Filter>
    </ClCompile>
    <ClCompile Include="CirQueue.cpp">
      <Filter>소스 파일\Manager.cpp</Filter>
    </ClCompile>
    <ClCompile Include="CWaves.cpp">
      <Filter>소스 파일\Manager.cpp</Filter>
    </ClCompile>
    <ClCompile Include="dsManager.cpp">
      <Filter>소스 파일\Manager.cpp</Filter>
    </ClCompile>
    <ClCompile Include="dsObject.cpp">
      <Filter>소스 파일\Manager.cpp</Filter>
    </ClCompile>
    <ClCompile Include="dsOpenALSoundManager.cpp">
      <Filter>소스 파일\Manager.cpp</Filter>
    </ClCompile>
    <ClCompile Include="dsResource.cpp">
      <Filter>소스 파일\Manager.cpp</Filter>
    </ClCompile>
    <ClCompile Include="dsSound.cpp">
      <Filter>소스 파일\Manager.cpp</Filter>
    </ClCompile>
    <ClCompile Include="dsSprite.cpp">
      <Filter>소스 파일\Manager.cpp</Filter>
    </ClCompile>
    <ClCompile Include="dsSpriteManager.cpp">
      <Filter>소스 파일\Manager.cpp</Filter>
    </ClCompile>
    <ClCompile Include="ImageManager.cpp">
      <Filter>소스 파일\Manager.cpp</Filter>
    </ClCompile>
    <ClCompile Include="Game1.cpp">
      <Filter>소스 파일\Game.cpp</Filter>
    </ClCompile>
    <ClCompile Include="Game2.cpp">
      <Filter>소스 파일\Game.cpp</Filter>
    </ClCompile>
    <ClCompile Include="GameIntro.cpp">
      <Filter>소스 파일\Game.cpp</Filter>
    </ClCompile>
    <ClCompile Include="MyImage.cpp">
      <Filter>소스 파일\Manager.cpp</Filter>
    </ClCompile>
    <ClCompile Include="Game3.cpp">
      <Filter>소스 파일\Game.cpp</Filter>
    </ClCompile>
    <ClCompile Include="Game4.cpp">
      <Filter>소스 파일\Game.cpp</Filter>
    </ClCompile>
    <ClCompile Include="Game3_Item.cpp">
      <Filter>소스 파일\Game.cpp</Filter>
    </ClCompile>
  </ItemGroup>
  <ItemGroup>
    <ClInclude Include="CirQueue.h">
      <Filter>헤더 파일\Manager.h</Filter>
    </ClInclude>
    <ClInclude Include="CWaves.h">
      <Filter>헤더 파일\Manager.h</Filter>
    </ClInclude>
    <ClInclude Include="dsManager.h">
      <Filter>헤더 파일\Manager.h</Filter>
    </ClInclude>
    <ClInclude Include="dsObject.h">
      <Filter>헤더 파일\Manager.h</Filter>
    </ClInclude>
    <ClInclude Include="dsOpenALSoundManager.h">
      <Filter>헤더 파일\Manager.h</Filter>
    </ClInclude>
    <ClInclude Include="dsResource.h">
      <Filter>헤더 파일\Manager.h</Filter>
    </ClInclude>
    <ClInclude Include="dsSound.h">
      <Filter>헤더 파일\Manager.h</Filter>
    </ClInclude>
    <ClInclude Include="dsSprite.h">
      <Filter>헤더 파일\Manager.h</Filter>
    </ClInclude>
    <ClInclude Include="dsSpriteManager.h">
      <Filter>헤더 파일\Manager.h</Filter>
    </ClInclude>
    <ClInclude Include="Game1.h">
      <Filter>헤더 파일\Game.h</Filter>
    </ClInclude>
    <ClInclude Include="Game2.h">
      <Filter>헤더 파일\Game.h</Filter>
    </ClInclude>
    <ClInclude Include="GameIntro.h">
      <Filter>헤더 파일\Game.h</Filter>
    </ClInclude>
    <ClInclude Include="ImageManager.h">
      <Filter>헤더 파일\Manager.h</Filter>
    </ClInclude>
    <ClInclude Include="MyImage.h">
      <Filter>헤더 파일\Manager.h</Filter>
    </ClInclude>
    <ClInclude Include="resource.h">
      <Filter>헤더 파일\Manager.h</Filter>
    </ClInclude>
    <ClInclude Include="MyDraw.h">
      <Filter>헤더 파일\S_Manager.h</Filter>
    </ClInclude>
    <ClInclude Include="MyRect.h">
      <Filter>헤더 파일\S_Manager.h</Filter>
    </ClInclude>
    <ClInclude Include="packet.h">
      <Filter>헤더 파일\S_Manager.h</Filter>
    </ClInclude>
    <ClInclude Include="Game3.h">
      <Filter>헤더 파일\Game.h</Filter>
    </ClInclude>
    <ClInclude Include="Game4.h">
      <Filter>헤더 파일\Game.h</Filter>
    </ClInclude>
    <ClInclude Include="Game3_Item.h">
      <Filter>헤더 파일\Game.h</Filter>
    </ClInclude>
  </ItemGroup>
  <ItemGroup>
    <ResourceCompile Include="GdiPlusImage.rc">
      <Filter>리소스 파일</Filter>
    </ResourceCompile>
  </ItemGroup>
  <ItemGroup>
    <None Include="too1106.cur">
      <Filter>리소스 파일</Filter>
    </None>
    <None Include="cursor2.cur">
      <Filter>리소스 파일</Filter>
    </None>
  </ItemGroup>
  <ItemGroup>
    <Image Include="잉여폴더-하트하트.ico">
      <Filter>리소스 파일</Filter>
    </Image>
    <Image Include="icon1.ico">
      <Filter>리소스 파일</Filter>
    </Image>
    <Image Include="ico00001.ico">
      <Filter>리소스 파일</Filter>
    </Image>
  </ItemGroup>
</Project>